
Microsoft Visual Studio Solution File, Format Version 12.00
# Visual Studio 15
VisualStudioVersion = 15.0.27428.2043
MinimumVisualStudioVersion = 10.0.40219.1
Project("{8BC9CEB8-8B4A-11D0-8D11-00A0C91BC942}") = "Практикум 6.1", "Практикум 6.1\Практикум 6.1.vcxproj", "{835FF0B6-233E-44AA-B0CA-C84C6CD654E7}"
EndProject
Global
	GlobalSection(SolutionConfigurationPlatforms) = preSolution
		Debug|x64 = Debug|x64
		Debug|x86 = Debug|x86
		Release|x64 = Release|x64
		Release|x86 = Release|x86
	EndGlobalSection
	GlobalSection(ProjectConfigurationPlatforms) = postSolution
		{835FF0B6-233E-44AA-B0CA-C84C6CD654E7}.Debug|x64.ActiveCfg = Debug|x64
		{835FF0B6-233E-44AA-B0CA-C84C6CD654E7}.Debug|x64.Build.0 = Debug|x64
		{835FF0B6-233E-44AA-B0CA-C84C6CD654E7}.Debug|x86.ActiveCfg = Debug|Win32
		{835FF0B6-233E-44AA-B0CA-C84C6CD654E7}.Debug|x86.Build.0 = Debug|Win32
		{835FF0B6-233E-44AA-B0CA-C84C6CD654E7}.Release|x64.ActiveCfg = Release|x64
		{835FF0B6-233E-44AA-B0CA-C84C6CD654E7}.Release|x64.Build.0 = Release|x64
		{835FF0B6-233E-44AA-B0CA-C84C6CD654E7}.Release|x86.ActiveCfg = Release|Win32
		{835FF0B6-233E-44AA-B0CA-C84C6CD654E7}.Release|x86.Build.0 = Release|Win32
	EndGlobalSection
	GlobalSection(SolutionProperties) = preSolution
		HideSolutionNode = FALSE
	EndGlobalSection
	GlobalSection(ExtensibilityGlobals) = postSolution
		SolutionGuid = {8B9A0CAD-5297-45E5-B834-EEE62ED50E97}
	EndGlobalSection
EndGlobal
